
Microsoft Visual Studio Solution File, Format Version 12.00
# Visual Studio Version 16
VisualStudioVersion = 16.0.32126.315
MinimumVisualStudioVersion = 10.0.40219.1
Project("{FAE04EC0-301F-11D3-BF4B-00C04F79EFBC}") = "praktikaGal", "praktikaGal\praktikaGal.csproj", "{B758B202-0A0A-4595-94F3-E997BCE7A806}"
EndProject
Global
	GlobalSection(SolutionConfigurationPlatforms) = preSolution
		Debug|Any CPU = Debug|Any CPU
		Release|Any CPU = Release|Any CPU
	EndGlobalSection
	GlobalSection(ProjectConfigurationPlatforms) = postSolution
		{B758B202-0A0A-4595-94F3-E997BCE7A806}.Debug|Any CPU.ActiveCfg = Debug|Any CPU
		{B758B202-0A0A-4595-94F3-E997BCE7A806}.Debug|Any CPU.Build.0 = Debug|Any CPU
		{B758B202-0A0A-4595-94F3-E997BCE7A806}.Release|Any CPU.ActiveCfg = Release|Any CPU
		{B758B202-0A0A-4595-94F3-E997BCE7A806}.Release|Any CPU.Build.0 = Release|Any CPU
	EndGlobalSection
	GlobalSection(SolutionProperties) = preSolution
		HideSolutionNode = FALSE
	EndGlobalSection
	GlobalSection(ExtensibilityGlobals) = postSolution
		SolutionGuid = {31C91BA0-02BF-4E53-855E-880099F77AE9}
	EndGlobalSection
EndGlobal
